Microsoft Visual Studio Solution File, Format Version 12.00
# Visual Studio Version 17
VisualStudioVersion = 17.5.2.0
MinimumVisualStudioVersion = 10.0.40219.1
Project("{FAE04EC0-301F-11D3-BF4B-00C04F79EFBC}") = "CWS", "CWS.csproj", "{19014F02-B22D-6172-1749-50D51628015C}"
EndProject
Global
	GlobalSection(SolutionConfigurationPlatforms) = preSolution
		Debug|Any CPU = Debug|Any CPU
		Release|Any CPU = Release|Any CPU
	EndGlobalSection
	GlobalSection(ProjectConfigurationPlatforms) = postSolution
		{19014F02-B22D-6172-1749-50D51628015C}.Debug|Any CPU.ActiveCfg = Debug|Any CPU
		{19014F02-B22D-6172-1749-50D51628015C}.Debug|Any CPU.Build.0 = Debug|Any CPU
		{19014F02-B22D-6172-1749-50D51628015C}.Release|Any CPU.ActiveCfg = Release|Any CPU
		{19014F02-B22D-6172-1749-50D51628015C}.Release|Any CPU.Build.0 = Release|Any CPU
	EndGlobalSection
	GlobalSection(SolutionProperties) = preSolution
		HideSolutionNode = FALSE
	EndGlobalSection
	GlobalSection(ExtensibilityGlobals) = postSolution
		SolutionGuid = {16189993-8A07-431A-B55C-F210C30EC159}
	EndGlobalSection
EndGlobal
